
Microsoft Visual Studio Solution File, Format Version 12.00
# Visual Studio 15
Project("{FAE04EC0-301F-11D3-BF4B-00C04F79EFBC}") = "EmployeeListFromAPI", "EmployeeListFromAPI\EmployeeListFromAPI.csproj", "{CC570106-C294-43D2-B458-A8F8C830591F}"
EndProject
Global
	GlobalSection(SolutionConfigurationPlatforms) = preSolution
		Debug|Any CPU = Debug|Any CPU
		Release|Any CPU = Release|Any CPU
	EndGlobalSection
	GlobalSection(ProjectConfigurationPlatforms) = postSolution
		{CC570106-C294-43D2-B458-A8F8C830591F}.Debug|Any CPU.ActiveCfg = Debug|Any CPU
		{CC570106-C294-43D2-B458-A8F8C830591F}.Debug|Any CPU.Build.0 = Debug|Any CPU
		{CC570106-C294-43D2-B458-A8F8C830591F}.Release|Any CPU.ActiveCfg = Release|Any CPU
		{CC570106-C294-43D2-B458-A8F8C830591F}.Release|Any CPU.Build.0 = Release|Any CPU
	EndGlobalSection
EndGlobal
